// !$*UTF8*$!
{
	archiveVersion = 1;
	classes = {
	};
	objectVersion = 46;
	objects = {

/* Begin PBXBuildFile section */
		2AE5DDB51CAB635E00E3AB22 /* main.m in Sources */ = {isa = PBXBuildFile; fileRef = 2AE5DDB41CAB635E00E3AB22 /* main.m */; };
		2AE5DDB81CAB635E00E3AB22 /* AppDelegate.m in Sources */ = {isa = PBXBuildFile; fileRef = 2AE5DDB71CAB635E00E3AB22 /* AppDelegate.m */; };
		2AE5DDBB1CAB635E00E3AB22 /* ViewController.m in Sources */ = {isa = PBXBuildFile; fileRef = 2AE5DDBA1CAB635E00E3AB22 /* ViewController.m */; };
		2AE5DDBE1CAB635E00E3AB22 /* Main.storyboard in Resources */ = {isa = PBXBuildFile; fileRef = 2AE5DDBC1CAB635E00E3AB22 /* Main.storyboard */; };
		2AE5DDC01CAB635E00E3AB22 /* Assets.xcassets in Resources */ = {isa = PBXBuildFile; fileRef = 2AE5DDBF1CAB635E00E3AB22 /* Assets.xcassets */; };
		2AE5DDC31CAB635E00E3AB22 /* LaunchScreen.storyboard in Resources */ = {isa = PBXBuildFile; fileRef = 2AE5DDC11CAB635E00E3AB22 /* LaunchScreen.storyboard */; };
		2AE5DDCE1CAB635E00E3AB22 /* ____2_0Tests.m in Sources */ = {isa = PBXBuildFile; fileRef = 2AE5DDCD1CAB635E00E3AB22 /* ____2_0Tests.m */; };
		2AE5DDD91CAB635E00E3AB22 /* ____2_0UITests.m in Sources */ = {isa = PBXBuildFile; fileRef = 2AE5DDD81CAB635E00E3AB22 /* ____2_0UITests.m */; };
/* End PBXBuildFile section */

/* Begin PBXContainerItemProxy section */
		2AE5DDCA1CAB635E00E3AB22 /* PBXContainerItemProxy */ = {
			isa = PBXContainerItemProxy;
			containerPortal = 2AE5DDA81CAB635E00E3AB22 /* Project object */;
			proxyType = 1;
			remoteGlobalIDString = 2AE5DDAF1CAB635E00E3AB22;
			remoteInfo = "网络下载2.0";
		};
		2AE5DDD51CAB635E00E3AB22 /* PBXContainerItemProxy */ = {
			isa = PBXContainerItemProxy;
			containerPortal = 2AE5DDA81CAB635E00E3AB22 /* Project object */;
			proxyType = 1;
			remoteGlobalIDString = 2AE5DDAF1CAB635E00E3AB22;
			remoteInfo = "网络下载2.0";
		};
/* End PBXContainerItemProxy section */

/* Begin PBXFileReference section */
		2AE5DDB01CAB635E00E3AB22 /* 网络下载2.0.app */ = {isa = PBXFileReference; explicitFileType = wrapper.application; includeInIndex = 0; path = "网络下载2.0.app"; sourceTree = BUILT_PRODUCTS_DIR; };
		2AE5DDB41CAB635E00E3AB22 /* main.m */ = {isa = PBXFileReference; lastKnownFileType = sourcecode.c.objc; path = main.m; sourceTree = "<group>"; };
		2AE5DDB61CAB635E00E3AB22 /* AppDelegate.h */ = {isa = PBXFileReference; lastKnownFileType = sourcecode.c.h; path = AppDelegate.h; sourceTree = "<group>"; };
		2AE5DDB71CAB635E00E3AB22 /* AppDelegate.m */ = {isa = PBXFileReference; lastKnownFileType = sourcecode.c.objc; path = AppDelegate.m; sourceTree = "<group>"; };
		2AE5DDB91CAB635E00E3AB22 /* ViewController.h */ = {isa = PBXFileReference; lastKnownFileType = sourcecode.c.h; path = ViewController.h; sourceTree = "<group>"; };
		2AE5DDBA1CAB635E00E3AB22 /* ViewController.m */ = {isa = PBXFileReference; lastKnownFileType = sourcecode.c.objc; path = ViewController.m; sourceTree = "<group>"; };
		2AE5DDBD1CAB635E00E3AB22 /* Base */ = {isa = PBXFileReference; lastKnownFileType = file.storyboard; name = Base; path = Base.lproj/Main.storyboard; sourceTree = "<group>"; };
		2AE5DDBF1CAB635E00E3AB22 /* Assets.xcassets */ = {isa = PBXFileReference; lastKnownFileType = folder.assetcatalog; path = Assets.xcassets; sourceTree = "<group>"; };
		2AE5DDC21CAB635E00E3AB22 /* Base */ = {isa = PBXFileReference; lastKnownFileType = file.storyboard; name = Base; path = Base.lproj/LaunchScreen.storyboard; sourceTree = "<group>"; };
		2AE5DDC41CAB635E00E3AB22 /* Info.plist */ = {isa = PBXFileReference; lastKnownFileType = text.plist.xml; path = Info.plist; sourceTree = "<group>"; };
		2AE5DDC91CAB635E00E3AB22 /* 网络下载2.0Tests.xctest */ = {isa = PBXFileReference; explicitFileType = wrapper.cfbundle; includeInIndex = 0; path = "网络下载2.0Tests.xctest"; sourceTree = BUILT_PRODUCTS_DIR; };
		2AE5DDCD1CAB635E00E3AB22 /* ____2_0Tests.m */ = {isa = PBXFileReference; lastKnownFileType = sourcecode.c.objc; path = "____2_0Tests.m"; sourceTree = "<group>"; };
		2AE5DDCF1CAB635E00E3AB22 /* Info.plist */ = {isa = PBXFileReference; lastKnownFileType = text.plist.xml; path = Info.plist; sourceTree = "<group>"; };
		2AE5DDD41CAB635E00E3AB22 /* 网络下载2.0UITests.xctest */ = {isa = PBXFileReference; explicitFileType = wrapper.cfbundle; includeInIndex = 0; path = "网络下载2.0UITests.xctest"; sourceTree = BUILT_PRODUCTS_DIR; };
		2AE5DDD81CAB635E00E3AB22 /* ____2_0UITests.m */ = {isa = PBXFileReference; lastKnownFileType = sourcecode.c.objc; path = "____2_0UITests.m"; sourceTree = "<group>"; };
		2AE5DDDA1CAB635E00E3AB22 /* Info.plist */ = {isa = PBXFileReference; lastKnownFileType = text.plist.xml; path = Info.plist; sourceTree = "<group>"; };
/* End PBXFileReference section */

/* Begin PBXFrameworksBuildPhase section */
		2AE5DDAD1CAB635E00E3AB22 /* Frameworks */ = {
			isa = PBXFrameworksBuildPhase;
			buildActionMask = 2147483647;
			files = (
			);
			runOnlyForDeploymentPostprocessing = 0;
		};
		2AE5DDC61CAB635E00E3AB22 /* Frameworks */ = {
			isa = PBXFrameworksBuildPhase;
			buildActionMask = 2147483647;
			files = (
			);
			runOnlyForDeploymentPostprocessing = 0;
		};
		2AE5DDD11CAB635E00E3AB22 /* Frameworks */ = {
			isa = PBXFrameworksBuildPhase;
			buildActionMask = 2147483647;
			files = (
			);
			runOnlyForDeploymentPostprocessing = 0;
		};
/* End PBXFrameworksBuildPhase section */

/* Begin PBXGroup section */
		2AE5DDA71CAB635E00E3AB22 = {
			isa = PBXGroup;
			children = (
				2AE5DDB21CAB635E00E3AB22 /* 网络下载2.0 */,
				2AE5DDCC1CAB635E00E3AB22 /* 网络下载2.0Tests */,
				2AE5DDD71CAB635E00E3AB22 /* 网络下载2.0UITests */,
				2AE5DDB11CAB635E00E3AB22 /* Products */,
			);
			sourceTree = "<group>";
		};
		2AE5DDB11CAB635E00E3AB22 /* Products */ = {
			isa = PBXGroup;
			children = (
				2AE5DDB01CAB635E00E3AB22 /* 网络下载2.0.app */,
				2AE5DDC91CAB635E00E3AB22 /* 网络下载2.0Tests.xctest */,
				2AE5DDD41CAB635E00E3AB22 /* 网络下载2.0UITests.xctest */,
			);
			name = Products;
			sourceTree = "<group>";
		};
		2AE5DDB21CAB635E00E3AB22 /* 网络下载2.0 */ = {
			isa = PBXGroup;
			children = (
				2AE5DDB61CAB635E00E3AB22 /* AppDelegate.h */,
				2AE5DDB71CAB635E00E3AB22 /* AppDelegate.m */,
				2AE5DDB91CAB635E00E3AB22 /* ViewController.h */,
				2AE5DDBA1CAB635E00E3AB22 /* ViewController.m */,
				2AE5DDBC1CAB635E00E3AB22 /* Main.storyboard */,
				2AE5DDBF1CAB635E00E3AB22 /* Assets.xcassets */,
				2AE5DDC11CAB635E00E3AB22 /* LaunchScreen.storyboard */,
				2AE5DDC41CAB635E00E3AB22 /* Info.plist */,
				2AE5DDB31CAB635E00E3AB22 /* Supporting Files */,
			);
			path = "网络下载2.0";
			sourceTree = "<group>";
		};
		2AE5DDB31CAB635E00E3AB22 /* Supporting Files */ = {
			isa = PBXGroup;
			children = (
				2AE5DDB41CAB635E00E3AB22 /* main.m */,
			);
			name = "Supporting Files";
			sourceTree = "<group>";
		};
		2AE5DDCC1CAB635E00E3AB22 /* 网络下载2.0Tests */ = {
			isa = PBXGroup;
			children = (
				2AE5DDCD1CAB635E00E3AB22 /* ____2_0Tests.m */,
				2AE5DDCF1CAB635E00E3AB22 /* Info.plist */,
			);
			path = "网络下载2.0Tests";
			sourceTree = "<group>";
		};
		2AE5DDD71CAB635E00E3AB22 /* 网络下载2.0UITests */ = {
			isa = PBXGroup;
			children = (
				2AE5DDD81CAB635E00E3AB22 /* ____2_0UITests.m */,
				2AE5DDDA1CAB635E00E3AB22 /* Info.plist */,
			);
			path = "网络下载2.0UITests";
			sourceTree = "<group>";
		};
/* End PBXGroup section */

/* Begin PBXNativeTarget section */
		2AE5DDAF1CAB635E00E3AB22 /* 网络下载2.0 */ = {
			isa = PBXNativeTarget;
			buildConfigurationList = 2AE5DDDD1CAB635E00E3AB22 /* Build configuration list for PBXNativeTarget "网络下载2.0" */;
			buildPhases = (
				2AE5DDAC1CAB635E00E3AB22 /* Sources */,
				2AE5DDAD1CAB635E00E3AB22 /* Frameworks */,
				2AE5DDAE1CAB635E00E3AB22 /* Resources */,
			);
			buildRules = (
			);
			dependencies = (
			);
			name = "网络下载2.0";
			productName = "网络下载2.0";
			productReference = 2AE5DDB01CAB635E00E3AB22 /* 网络下载2.0.app */;
			productType = "com.apple.product-type.application";
		};
		2AE5DDC81CAB635E00E3AB22 /* 网络下载2.0Tests */ = {
			isa = PBXNativeTarget;
			buildConfigurationList = 2AE5DDE01CAB635E00E3AB22 /* Build configuration list for PBXNativeTarget "网络下载2.0Tests" */;
			buildPhases = (
				2AE5DDC51CAB635E00E3AB22 /* Sources */,
				2AE5DDC61CAB635E00E3AB22 /* Frameworks */,
				2AE5DDC71CAB635E00E3AB22 /* Resources */,
			);
			buildRules = (
			);
			dependencies = (
				2AE5DDCB1CAB635E00E3AB22 /* PBXTargetDependency */,
			);
			name = "网络下载2.0Tests";
			productName = "网络下载2.0Tests";
			productReference = 2AE5DDC91CAB635E00E3AB22 /* 网络下载2.0Tests.xctest */;
			productType = "com.apple.product-type.bundle.unit-test";
		};
		2AE5DDD31CAB635E00E3AB22 /* 网络下载2.0UITests */ = {
			isa = PBXNativeTarget;
			buildConfigurationList = 2AE5DDE31CAB635E00E3AB22 /* Build configuration list for PBXNativeTarget "网络下载2.0UITests" */;
			buildPhases = (
				2AE5DDD01CAB635E00E3AB22 /* Sources */,
				2AE5DDD11CAB635E00E3AB22 /* Frameworks */,
				2AE5DDD21CAB635E00E3AB22 /* Resources */,
			);
			buildRules = (
			);
			dependencies = (
				2AE5DDD61CAB635E00E3AB22 /* PBXTargetDependency */,
			);
			name = "网络下载2.0UITests";
			productName = "网络下载2.0UITests";
			productReference = 2AE5DDD41CAB635E00E3AB22 /* 网络下载2.0UITests.xctest */;
			productType = "com.apple.product-type.bundle.ui-testing";
		};
/* End PBXNativeTarget section */

/* Begin PBXProject section */
		2AE5DDA81CAB635E00E3AB22 /* Project object */ = {
			isa = PBXProject;
			attributes = {
				LastUpgradeCheck = 0730;
				ORGANIZATIONNAME = "K.K Studio";
				TargetAttributes = {
					2AE5DDAF1CAB635E00E3AB22 = {
						CreatedOnToolsVersion = 7.3;
						DevelopmentTeam = GD5B8K7TJ4;
					};
					2AE5DDC81CAB635E00E3AB22 = {
						CreatedOnToolsVersion = 7.3;
						DevelopmentTeam = GD5B8K7TJ4;
						TestTargetID = 2AE5DDAF1CAB635E00E3AB22;
					};
					2AE5DDD31CAB635E00E3AB22 = {
						CreatedOnToolsVersion = 7.3;
						DevelopmentTeam = GD5B8K7TJ4;
						TestTargetID = 2AE5DDAF1CAB635E00E3AB22;
					};
				};
			};
			buildConfigurationList = 2AE5DDAB1CAB635E00E3AB22 /* Build configuration list for PBXProject "网络下载2.0" */;
			compatibilityVersion = "Xcode 3.2";
			developmentRegion = English;
			hasScannedForEncodings = 0;
			knownRegions = (
				en,
				Base,
			);
			mainGroup = 2AE5DDA71CAB635E00E3AB22;
			productRefGroup = 2AE5DDB11CAB635E00E3AB22 /* Products */;
			projectDirPath = "";
			projectRoot = "";
			targets = (
				2AE5DDAF1CAB635E00E3AB22 /* 网络下载2.0 */,
				2AE5DDC81CAB635E00E3AB22 /* 网络下载2.0Tests */,
				2AE5DDD31CAB635E00E3AB22 /* 网络下载2.0UITests */,
			);
		};
/* End PBXProject section */

/* Begin PBXResourcesBuildPhase section */
		2AE5DDAE1CAB635E00E3AB22 /* Resources */ = {
			isa = PBXResourcesBuildPhase;
			buildActionMask = 2147483647;
			files = (
				2AE5DDC31CAB635E00E3AB22 /* LaunchScreen.storyboard in Resources */,
				2AE5DDC01CAB635E00E3AB22 /* Assets.xcassets in Resources */,
				2AE5DDBE1CAB635E00E3AB22 /* Main.storyboard in Resources */,
			);
			runOnlyForDeploymentPostprocessing = 0;
		};
		2AE5DDC71CAB635E00E3AB22 /* Resources */ = {
			isa = PBXResourcesBuildPhase;
			buildActionMask = 2147483647;
			files = (
			);
			runOnlyForDeploymentPostprocessing = 0;
		};
		2AE5DDD21CAB635E00E3AB22 /* Resources */ = {
			isa = PBXResourcesBuildPhase;
			buildActionMask = 2147483647;
			files = (
			);
			runOnlyForDeploymentPostprocessing = 0;
		};
/* End PBXResourcesBuildPhase section */

/* Begin PBXSourcesBuildPhase section */
		2AE5DDAC1CAB635E00E3AB22 /* Sources */ = {
			isa = PBXSourcesBuildPhase;
			buildActionMask = 2147483647;
			files = (
				2AE5DDBB1CAB635E00E3AB22 /* ViewController.m in Sources */,
				2AE5DDB81CAB635E00E3AB22 /* AppDelegate.m in Sources */,
				2AE5DDB51CAB635E00E3AB22 /* main.m in Sources */,
			);
			runOnlyForDeploymentPostprocessing = 0;
		};
		2AE5DDC51CAB635E00E3AB22 /* Sources */ = {
			isa = PBXSourcesBuildPhase;
			buildActionMask = 2147483647;
			files = (
				2AE5DDCE1CAB635E00E3AB22 /* ____2_0Tests.m in Sources */,
			);
			runOnlyForDeploymentPostprocessing = 0;
		};
		2AE5DDD01CAB635E00E3AB22 /* Sources */ = {
			isa = PBXSourcesBuildPhase;
			buildActionMask = 2147483647;
			files = (
				2AE5DDD91CAB635E00E3AB22 /* ____2_0UITests.m in Sources */,
			);
			runOnlyForDeploymentPostprocessing = 0;
		};
/* End PBXSourcesBuildPhase section */

/* Begin PBXTargetDependency section */
		2AE5DDCB1CAB635E00E3AB22 /* PBXTargetDependency */ = {
			isa = PBXTargetDependency;
			target = 2AE5DDAF1CAB635E00E3AB22 /* 网络下载2.0 */;
			targetProxy = 2AE5DDCA1CAB635E00E3AB22 /* PBXContainerItemProxy */;
		};
		2AE5DDD61CAB635E00E3AB22 /* PBXTargetDependency */ = {
			isa = PBXTargetDependency;
			target = 2AE5DDAF1CAB635E00E3AB22 /* 网络下载2.0 */;
			targetProxy = 2AE5DDD51CAB635E00E3AB22 /* PBXContainerItemProxy */;
		};
/* End PBXTargetDependency section */

/* Begin PBXVariantGroup section */
		2AE5DDBC1CAB635E00E3AB22 /* Main.storyboard */ = {
			isa = PBXVariantGroup;
			children = (
				2AE5DDBD1CAB635E00E3AB22 /* Base */,
			);
			name = Main.storyboard;
			sourceTree = "<group>";
		};
		2AE5DDC11CAB635E00E3AB22 /* LaunchScreen.storyboard */ = {
			isa = PBXVariantGroup;
			children = (
				2AE5DDC21CAB635E00E3AB22 /* Base */,
			);
			name = LaunchScreen.storyboard;
			sourceTree = "<group>";
		};
/* End PBXVariantGroup section */

/* Begin XCBuildConfiguration section */
		2AE5DDDB1CAB635E00E3AB22 /* Debug */ = {
			isa = XCBuildConfiguration;
			buildSettings = {
				ALWAYS_SEARCH_USER_PATHS = NO;
				CLANG_ANALYZER_NONNULL = YES;
				CLANG_CXX_LANGUAGE_STANDARD = "gnu++0x";
				CLANG_CXX_LIBRARY = "libc++";
				CLANG_ENABLE_MODULES = YES;
				CLANG_ENABLE_OBJC_ARC = YES;
				CLANG_WARN_BOOL_CONVERSION = YES;
				CLANG_WARN_CONSTANT_CONVERSION = YES;
				CLANG_WARN_DIRECT_OBJC_ISA_USAGE = YES_ERROR;
				CLANG_WARN_EMPTY_BODY = YES;
				CLANG_WARN_ENUM_CONVERSION = YES;
				CLANG_WARN_INT_CONVERSION = YES;
				CLANG_WARN_OBJC_ROOT_CLASS = YES_ERROR;
				CLANG_WARN_UNREACHABLE_CODE = YES;
				CLANG_WARN__DUPLICATE_METHOD_MATCH = YES;
				"CODE_SIGN_IDENTITY[sdk=iphoneos*]" = "iPhone Developer";
				COPY_PHASE_STRIP = NO;
				DEBUG_INFORMATION_FORMAT = dwarf;
				ENABLE_STRICT_OBJC_MSGSEND = YES;
				ENABLE_TESTABILITY = YES;
				GCC_C_LANGUAGE_STANDARD = gnu99;
				GCC_DYNAMIC_NO_PIC = NO;
				GCC_NO_COMMON_BLOCKS = YES;
				GCC_OPTIMIZATION_LEVEL = 0;
				GCC_PREPROCESSOR_DEFINITIONS = (
					"DEBUG=1",
					"$(inherited)",
				);
				GCC_WARN_64_TO_32_BIT_CONVERSION = YES;
				GCC_WARN_ABOUT_RETURN_TYPE = YES_ERROR;
				GCC_WARN_UNDECLARED_SELECTOR = YES;
				GCC_WARN_UNINITIALIZED_AUTOS = YES_AGGRESSIVE;
				GCC_WARN_UNUSED_FUNCTION = YES;
				GCC_WARN_UNUSED_VARIABLE = YES;
				IPHONEOS_DEPLOYMENT_TARGET = 9.3;
				MTL_ENABLE_DEBUG_INFO = YES;
				ONLY_ACTIVE_ARCH = YES;
				SDKROOT = iphoneos;
			};
			name = Debug;
		};
		2AE5DDDC1CAB635E00E3AB22 /* Release */ = {
			isa = XCBuildConfiguration;
			buildSettings = {
				ALWAYS_SEARCH_USER_PATHS = NO;
				CLANG_ANALYZER_NONNULL = YES;
				CLANG_CXX_LANGUAGE_STANDARD = "gnu++0x";
				CLANG_CXX_LIBRARY = "libc++";
				CLANG_ENABLE_MODULES = YES;
				CLANG_ENABLE_OBJC_ARC = YES;
				CLANG_WARN_BOOL_CONVERSION = YES;
				CLANG_WARN_CONSTANT_CONVERSION = YES;
				CLANG_WARN_DIRECT_OBJC_ISA_USAGE = YES_ERROR;
				CLANG_WARN_EMPTY_BODY = YES;
				CLANG_WARN_ENUM_CONVERSION = YES;
				CLANG_WARN_INT_CONVERSION = YES;
				CLANG_WARN_OBJC_ROOT_CLASS = YES_ERROR;
				CLANG_WARN_UNREACHABLE_CODE = YES;
				CLANG_WARN__DUPLICATE_METHOD_MATCH = YES;
				"CODE_SIGN_IDENTITY[sdk=iphoneos*]" = "iPhone Developer";
				COPY_PHASE_STRIP = NO;
				DEBUG_INFORMATION_FORMAT = "dwarf-with-dsym";
				ENABLE_NS_ASSERTIONS = NO;
				ENABLE_STRICT_OBJC_MSGSEND = YES;
				GCC_C_LANGUAGE_STANDARD = gnu99;
				GCC_NO_COMMON_BLOCKS = YES;
				GCC_WARN_64_TO_32_BIT_CONVERSION = YES;
				GCC_WARN_ABOUT_RETURN_TYPE = YES_ERROR;
				GCC_WARN_UNDECLARED_SELECTOR = YES;
				GCC_WARN_UNINITIALIZED_AUTOS = YES_AGGRESSIVE;
				GCC_WARN_UNUSED_FUNCTION = YES;
				GCC_WARN_UNUSED_VARIABLE = YES;
				IPHONEOS_DEPLOYMENT_TARGET = 9.3;
				MTL_ENABLE_DEBUG_INFO = NO;
				SDKROOT = iphoneos;
				VALIDATE_PRODUCT = YES;
			};
			name = Release;
		};
		2AE5DDDE1CAB635E00E3AB22 /* Debug */ = {
			isa = XCBuildConfiguration;
			buildSettings = {
				ASSETCATALOG_COMPILER_APPICON_NAME = AppIcon;
				INFOPLIST_FILE = "网络下载2.0/Info.plist";
				LD_RUNPATH_SEARCH_PATHS = "$(inherited) @executable_path/Frameworks";
				PRODUCT_BUNDLE_IDENTIFIER = "kai.----2-0";
				PRODUCT_NAME = "$(TARGET_NAME)";
			};
			name = Debug;
		};
		2AE5DDDF1CAB635E00E3AB22 /* Release */ = {
			isa = XCBuildConfiguration;
			buildSettings = {
				ASSETCATALOG_COMPILER_APPICON_NAME = AppIcon;
				INFOPLIST_FILE = "网络下载2.0/Info.plist";
				LD_RUNPATH_SEARCH_PATHS = "$(inherited) @executable_path/Frameworks";
				PRODUCT_BUNDLE_IDENTIFIER = "kai.----2-0";
				PRODUCT_NAME = "$(TARGET_NAME)";
			};
			name = Release;
		};
		2AE5DDE11CAB635E00E3AB22 /* Debug */ = {
			isa = XCBuildConfiguration;
			buildSettings = {
				BUNDLE_LOADER = "$(TEST_HOST)";
				INFOPLIST_FILE = "网络下载2.0Tests/Info.plist";
				LD_RUNPATH_SEARCH_PATHS = "$(inherited) @executable_path/Frameworks @loader_path/Frameworks";
				PRODUCT_BUNDLE_IDENTIFIER = "kai.----2-0Tests";
				PRODUCT_NAME = "$(TARGET_NAME)";
				TEST_HOST = "$(BUILT_PRODUCTS_DIR)/网络下载2.0.app/网络下载2.0";
			};
			name = Debug;
		};
		2AE5DDE21CAB635E00E3AB22 /* Release */ = {
			isa = XCBuildConfiguration;
			buildSettings = {
				BUNDLE_LOADER = "$(TEST_HOST)";
				INFOPLIST_FILE = "网络下载2.0Tests/Info.plist";
				LD_RUNPATH_SEARCH_PATHS = "$(inherited) @executable_path/Frameworks @loader_path/Frameworks";
				PRODUCT_BUNDLE_IDENTIFIER = "kai.----2-0Tests";
				PRODUCT_NAME = "$(TARGET_NAME)";
				TEST_HOST = "$(BUILT_PRODUCTS_DIR)/网络下载2.0.app/网络下载2.0";
			};
			name = Release;
		};
		2AE5DDE41CAB635E00E3AB22 /* Debug */ = {
			isa = XCBuildConfiguration;
			buildSettings = {
				INFOPLIST_FILE = "网络下载2.0UITests/Info.plist";
				LD_RUNPATH_SEARCH_PATHS = "$(inherited) @executable_path/Frameworks @loader_path/Frameworks";
				PRODUCT_BUNDLE_IDENTIFIER = "kai.----2-0UITests";
				PRODUCT_NAME = "$(TARGET_NAME)";
				TEST_TARGET_NAME = "网络下载2.0";
			};
			name = Debug;
		};
		2AE5DDE51CAB635E00E3AB22 /* Release */ = {
			isa = XCBuildConfiguration;
			buildSettings = {
				INFOPLIST_FILE = "网络下载2.0UITests/Info.plist";
				LD_RUNPATH_SEARCH_PATHS = "$(inherited) @executable_path/Frameworks @loader_path/Frameworks";
				PRODUCT_BUNDLE_IDENTIFIER = "kai.----2-0UITests";
				PRODUCT_NAME = "$(TARGET_NAME)";
				TEST_TARGET_NAME = "网络下载2.0";
			};
			name = Release;
		};
/* End XCBuildConfiguration section */

/* Begin XCConfigurationList section */
		2AE5DDAB1CAB635E00E3AB22 /* Build configuration list for PBXProject "网络下载2.0" */ = {
			isa = XCConfigurationList;
			buildConfigurations = (
				2AE5DDDB1CAB635E00E3AB22 /* Debug */,
				2AE5DDDC1CAB635E00E3AB22 /* Release */,
			);
			defaultConfigurationIsVisible = 0;
			defaultConfigurationName = Release;
		};
		2AE5DDDD1CAB635E00E3AB22 /* Build configuration list for PBXNativeTarget "网络下载2.0" */ = {
			isa = XCConfigurationList;
			buildConfigurations = (
				2AE5DDDE1CAB635E00E3AB22 /* Debug */,
				2AE5DDDF1CAB635E00E3AB22 /* Release */,
			);
			defaultConfigurationIsVisible = 0;
		};
		2AE5DDE01CAB635E00E3AB22 /* Build configuration list for PBXNativeTarget "网络下载2.0Tests" */ = {
			isa = XCConfigurationList;
			buildConfigurations = (
				2AE5DDE11CAB635E00E3AB22 /* Debug */,
				2AE5DDE21CAB635E00E3AB22 /* Release */,
			);
			defaultConfigurationIsVisible = 0;
		};
		2AE5DDE31CAB635E00E3AB22 /* Build configuration list for PBXNativeTarget "网络下载2.0UITests" */ = {
			isa = XCConfigurationList;
			buildConfigurations = (
				2AE5DDE41CAB635E00E3AB22 /* Debug */,
				2AE5DDE51CAB635E00E3AB22 /* Release */,
			);
			defaultConfigurationIsVisible = 0;
		};
/* End XCConfigurationList section */
	};
	rootObject = 2AE5DDA81CAB635E00E3AB22 /* Project object */;
}
